
Microsoft Visual Studio Solution File, Format Version 12.00
# Visual Studio Version 17
VisualStudioVersion = 17.3.32929.385
MinimumVisualStudioVersion = 10.0.40219.1
Project("{FAE04EC0-301F-11D3-BF4B-00C04F79EFBC}") = "CalculadoraConsole", "CalculadoraConsole\CalculadoraConsole.csproj", "{56AC517C-7A1D-445E-A409-CA0594D6414E}"
EndProject
Global
	GlobalSection(SolutionConfigurationPlatforms) = preSolution
		Debug|Any CPU = Debug|Any CPU
		Release|Any CPU = Release|Any CPU
	EndGlobalSection
	GlobalSection(ProjectConfigurationPlatforms) = postSolution
		{56AC517C-7A1D-445E-A409-CA0594D6414E}.Debug|Any CPU.ActiveCfg = Debug|Any CPU
		{56AC517C-7A1D-445E-A409-CA0594D6414E}.Debug|Any CPU.Build.0 = Debug|Any CPU
		{56AC517C-7A1D-445E-A409-CA0594D6414E}.Release|Any CPU.ActiveCfg = Release|Any CPU
		{56AC517C-7A1D-445E-A409-CA0594D6414E}.Release|Any CPU.Build.0 = Release|Any CPU
	EndGlobalSection
	GlobalSection(SolutionProperties) = preSolution
		HideSolutionNode = FALSE
	EndGlobalSection
	GlobalSection(ExtensibilityGlobals) = postSolution
		SolutionGuid = {C4F498C3-7DBB-49F8-B2B3-2AE5F1943C71}
	EndGlobalSection
EndGlobal
